{
  "version": 4,
  "terraform_version": "1.3.5",
  "serial": 93,
  "lineage": "d4a95790-504d-91e1-0608-e2eb3463371a",
  "outputs": {},
  "resources": [
    {
      "mode": "managed",
      "type": "aws_cloudwatch_log_group",
      "name": "test",
      "provider": "provider[\"registry.terraform.io/hashicorp/aws\"]",
      "instances": [
        {
          "schema_version": 0,
          "attributes": {
            "arn": "arn:aws:logs:ap-southeast-1:370705814933:log-group:cloudtrail_changes",
            "id": "cloudtrail_changes",
            "kms_key_id": "",
            "name": "cloudtrail_changes",
            "name_prefix": "",
            "retention_in_days": 0,
            "skip_destroy": false,
            "tags": {
              "Application": "serviceA",
              "Environment": "production"
            },
            "tags_all": {
              "Application": "serviceA",
              "Environment": "production"
            }
          },
          "sensitive_attributes": [],
          "private": "bnVsbA=="
        }
      ]
    },
    {
      "mode": "managed",
      "type": "aws_cloudwatch_log_metric_filter",
      "name": "MetricFilter",
      "provider": "provider[\"registry.terraform.io/hashicorp/aws\"]",
      "instances": [
        {
          "schema_version": 0,
          "attributes": {
            "id": "CloudTrailEventCount-cloudtrail_changes",
            "log_group_name": "cloudtrail_changes",
            "metric_transformation": [
              {
                "default_value": "",
                "dimensions": {},
                "name": "CloudTrailEventCount",
                "namespace": "CloudTrailMetrics",
                "unit": "None",
                "value": "1"
              }
            ],
            "name": "CloudTrailEventCount-cloudtrail_changes",
            "pattern": "{ ($.eventName = CreateTrail) || ($.eventName = UpdateTrail) || ($.eventName = DeleteTrail) || ($.eventName = StartLogging) || ($.eventName = StopLogging) }"
          },
          "sensitive_attributes": [],
          "private": "bnVsbA==",
          "dependencies": [
            "aws_cloudwatch_log_group.test"
          ]
        }
      ]
    },
    {
      "mode": "managed",
      "type": "aws_cloudwatch_metric_alarm",
      "name": "CloudWatchAlarm",
      "provider": "provider[\"registry.terraform.io/hashicorp/aws\"]",
      "instances": [
        {
          "schema_version": 1,
          "attributes": {
            "actions_enabled": true,
            "alarm_actions": [
              "arn:aws:sns:ap-southeast-1:370705814933:cloudtrail-changes-stack-SnsTopic-cDaNI-EmailSNSTopic-f6RxRZIIUyXR"
            ],
            "alarm_description": "A CloudWatch Alarm that triggers when changes are made to CloudTrail.",
            "alarm_name": "cloudtrail_changes",
            "arn": "arn:aws:cloudwatch:ap-southeast-1:370705814933:alarm:cloudtrail_changes",
            "comparison_operator": "GreaterThanOrEqualToThreshold",
            "datapoints_to_alarm": 0,
            "dimensions": {},
            "evaluate_low_sample_count_percentiles": "",
            "evaluation_periods": 1,
            "extended_statistic": "",
            "id": "cloudtrail_changes",
            "insufficient_data_actions": [],
            "metric_name": "CloudTrailEventCount",
            "metric_query": [],
            "namespace": "CloudTrailMetrics",
            "ok_actions": [],
            "period": 300,
            "statistic": "Sum",
            "tags": {},
            "tags_all": {},
            "threshold": 1,
            "threshold_metric_id": "",
            "treat_missing_data": "notBreaching",
            "unit": ""
          },
          "sensitive_attributes": [],
          "private": "eyJzY2hlbWFfdmVyc2lvbiI6IjEifQ==",
          "dependencies": [
            "module.SnsTopic.aws_cloudformation_stack.sns-topic",
            "module.SnsTopic.data.template_file.cloudformation_sns_stack"
          ]
        }
      ]
    },
    {
      "module": "module.SnsTopic",
      "mode": "data",
      "type": "template_file",
      "name": "cloudformation_sns_stack",
      "provider": "provider[\"registry.terraform.io/hashicorp/template\"]",
      "instances": [
        {
          "schema_version": 0,
          "attributes": {
            "filename": null,
            "id": "fc708480979679738962d9239a2620d87fdaa9802d2d05760555821f4cd9838d",
            "rendered": "{\r\n  \"AWSTemplateFormatVersion\": \"2010-09-09\",\r\n\r\n  \"Resources\" : {\r\n    \"EmailSNSTopic\": {\r\n      \"Type\" : \"AWS::SNS::Topic\",\r\n      \"Properties\" : {\r\n        \"DisplayName\" : \"alarm-action\",\r\n        \"Subscription\": [\r\n          {\r\n           \"Endpoint\" : \"anubhav.glau@gmail.com\",\r\n           \"Protocol\" : \"email\"\r\n          }\r\n        ]\r\n      }\r\n    }\r\n  },\r\n\r\n  \"Outputs\" : {\r\n    \"ARN\" : {\r\n      \"Description\" : \"Email SNS Topic ARN\",\r\n      \"Value\" : { \"Ref\" : \"EmailSNSTopic\" }\r\n    }\r\n  }\r\n}\r\n",
            "template": "{\r\n  \"AWSTemplateFormatVersion\": \"2010-09-09\",\r\n\r\n  \"Resources\" : {\r\n    \"EmailSNSTopic\": {\r\n      \"Type\" : \"AWS::SNS::Topic\",\r\n      \"Properties\" : {\r\n        \"DisplayName\" : \"${display_name}\",\r\n        \"Subscription\": [\r\n          {\r\n           \"Endpoint\" : \"${email_address}\",\r\n           \"Protocol\" : \"${protocol}\"\r\n          }\r\n        ]\r\n      }\r\n    }\r\n  },\r\n\r\n  \"Outputs\" : {\r\n    \"ARN\" : {\r\n      \"Description\" : \"Email SNS Topic ARN\",\r\n      \"Value\" : { \"Ref\" : \"EmailSNSTopic\" }\r\n    }\r\n  }\r\n}\r\n",
            "vars": {
              "display_name": "alarm-action",
              "email_address": "anubhav.glau@gmail.com",
              "protocol": "email"
            }
          },
          "sensitive_attributes": []
        }
      ]
    },
    {
      "module": "module.SnsTopic",
      "mode": "managed",
      "type": "aws_cloudformation_stack",
      "name": "sns-topic",
      "provider": "provider[\"registry.terraform.io/hashicorp/aws\"]",
      "instances": [
        {
          "schema_version": 0,
          "attributes": {
            "capabilities": null,
            "disable_rollback": false,
            "iam_role_arn": "",
            "id": "arn:aws:cloudformation:ap-southeast-1:370705814933:stack/cloudtrail-changes-stack-SnsTopic-cDaNI/95e9e690-924b-11ed-b8b0-062b64bac312",
            "name": "cloudtrail-changes-stack-SnsTopic-cDaNI",
            "notification_arns": null,
            "on_failure": null,
            "outputs": {
              "ARN": "arn:aws:sns:ap-southeast-1:370705814933:cloudtrail-changes-stack-SnsTopic-cDaNI-EmailSNSTopic-f6RxRZIIUyXR"
            },
            "parameters": {},
            "policy_body": null,
            "policy_url": null,
            "tags": {
              "Name": "cloudtrail-changes-stack-SnsTopic-cDaNI",
              "Terraform": "true",
              "Terraform-Module": "deanwilson-sns-email"
            },
            "tags_all": {
              "Name": "cloudtrail-changes-stack-SnsTopic-cDaNI",
              "Terraform": "true",
              "Terraform-Module": "deanwilson-sns-email"
            },
            "template_body": "{\"AWSTemplateFormatVersion\":\"2010-09-09\",\"Outputs\":{\"ARN\":{\"Description\":\"Email SNS Topic ARN\",\"Value\":{\"Ref\":\"EmailSNSTopic\"}}},\"Resources\":{\"EmailSNSTopic\":{\"Properties\":{\"DisplayName\":\"alarm-action\",\"Subscription\":[{\"Endpoint\":\"anubhav.glau@gmail.com\",\"Protocol\":\"email\"}]},\"Type\":\"AWS::SNS::Topic\"}}}",
            "template_url": null,
            "timeout_in_minutes": 0,
            "timeouts": null
          },
          "sensitive_attributes": [],
          "private": "eyJlMmJmYjczMC1lY2FhLTExZTYtOGY4OC0zNDM2M2JjN2M0YzAiOnsiY3JlYXRlIjoxODAwMDAwMDAwMDAwLCJkZWxldGUiOjE4MDAwMDAwMDAwMDAsInVwZGF0ZSI6MTgwMDAwMDAwMDAwMH19",
          "dependencies": [
            "module.SnsTopic.data.template_file.cloudformation_sns_stack"
          ]
        }
      ]
    }
  ],
  "check_results": null
}
